PODS:
  - Bolts/Tasks (1.9.0)
  - MBProgressHUD (1.1.0)
  - Parse (1.17.1):
    - Parse/Core (= 1.17.1)
  - Parse/Core (1.17.1):
    - Bolts/Tasks (~> 1.9)

DEPENDENCIES:
  - MBProgressHUD
  - Parse

SPEC REPOS:
  https://github.com/cocoapods/specs.git:
    - Bolts
    - MBProgressHUD
    - Parse

SPEC CHECKSUMS:
  Bolts: ac6567323eac61e203f6a9763667d0f711be34c8
  MBProgressHUD: e7baa36a220447d8aeb12769bf0585582f3866d9
  Parse: d3edaf8c7c722cb33cb83ba7821d015ae32d362d

<<<<<<< HEAD
<<<<<<< Updated upstream
PODFILE CHECKSUM: 409a5abff60f0f293f014164ba5899fd0783b7a9
=======
PODFILE CHECKSUM: bf1bfd4f5dbe3a61c6217b5e270c8b91570a6ec2
>>>>>>> Stashed changes
=======
PODFILE CHECKSUM: b2b72bff140a275cc7fd3bd71d148977ed1273b5
>>>>>>> a13b068926884cd0620685954bd95d8e858ea950

COCOAPODS: 1.5.3
