// !$*UTF8*$!
{
	archiveVersion = 1;
	classes = {
	};
	objectVersion = 50;
	objects = {

/* Begin PBXBuildFile section */
		3330AE1920FE739700B37975 /* SettingsViewController.m in Sources */ = {isa = PBXBuildFile; fileRef = 3330AE1820FE739700B37975 /* SettingsViewController.m */; };
		3330AE1C2101112000B37975 /* LocationPickerViewController.m in Sources */ = {isa = PBXBuildFile; fileRef = 3330AE1B2101112000B37975 /* LocationPickerViewController.m */; };
		3330AE1E210118CC00B37975 /* CoreLocation.framework in Frameworks */ = {isa = PBXBuildFile; fileRef = 3330AE1D210118CC00B37975 /* CoreLocation.framework */; };
		3330AE212101363B00B37975 /* GeoAPIManager.m in Sources */ = {isa = PBXBuildFile; fileRef = 3330AE202101363B00B37975 /* GeoAPIManager.m */; };
		3330AE252102842700B37975 /* PreferenceTableViewCell.m in Sources */ = {isa = PBXBuildFile; fileRef = 3330AE242102842700B37975 /* PreferenceTableViewCell.m */; };
		3330AE282107A16700B37975 /* LocationTableViewCell.m in Sources */ = {isa = PBXBuildFile; fileRef = 3330AE272107A16700B37975 /* LocationTableViewCell.m */; };
		3330AE2B2107EE2B00B37975 /* LocationWeatherViewController.m in Sources */ = {isa = PBXBuildFile; fileRef = 3330AE2A2107EE2B00B37975 /* LocationWeatherViewController.m */; };
		33F00C0C20FD116C008F56CE /* User.m in Sources */ = {isa = PBXBuildFile; fileRef = 33F00C0B20FD116C008F56CE /* User.m */; };
		33F00C0F20FD1215008F56CE /* Location.m in Sources */ = {isa = PBXBuildFile; fileRef = 33F00C0E20FD1215008F56CE /* Location.m */; };
		33F00C1220FD1244008F56CE /* Preferences.m in Sources */ = {isa = PBXBuildFile; fileRef = 33F00C1120FD1244008F56CE /* Preferences.m */; };
		3D67EBC237442807A2CAC4DA /* libPods-WeatherApp.a in Frameworks */ = {isa = PBXBuildFile; fileRef = 2F6BFD206F93B681F538A176 /* libPods-WeatherApp.a */; };
		81ED304CD241E51F5C4DC335 /* libPods-WeatherAppUITests.a in Frameworks */ = {isa = PBXBuildFile; fileRef = 524144110B4F9BD7E659BE75 /* libPods-WeatherAppUITests.a */; };
		9203E63220FD47DD00F8C858 /* APIManager.m in Sources */ = {isa = PBXBuildFile; fileRef = 9203E63120FD47DD00F8C858 /* APIManager.m */; };
		9203E63620FD546900F8C858 /* WeeklyViewController.m in Sources */ = {isa = PBXBuildFile; fileRef = 9203E63520FD546900F8C858 /* WeeklyViewController.m */; };
		9203E63A20FD73C600F8C858 /* WeeklyCell.m in Sources */ = {isa = PBXBuildFile; fileRef = 9203E63920FD73C600F8C858 /* WeeklyCell.m */; };
		9262591621067E7500BEF660 /* LocationDetailsViewController.m in Sources */ = {isa = PBXBuildFile; fileRef = 9262591521067E7500BEF660 /* LocationDetailsViewController.m */; };
		927E18A2210106B700CA03F6 /* Weather.m in Sources */ = {isa = PBXBuildFile; fileRef = 927E18A1210106B700CA03F6 /* Weather.m */; };
		CC7A6A0A210115D600028419 /* LoginViewController.m in Sources */ = {isa = PBXBuildFile; fileRef = CC7A6A09210115D600028419 /* LoginViewController.m */; };
		CC7A6A0D2102B10F00028419 /* PageViewController.m in Sources */ = {isa = PBXBuildFile; fileRef = CC7A6A0C2102B10F00028419 /* PageViewController.m */; };
		CC7D391D20FD053A00913023 /* AppDelegate.m in Sources */ = {isa = PBXBuildFile; fileRef = CC7D391C20FD053A00913023 /* AppDelegate.m */; };
		CC7D392520FD053D00913023 /* Assets.xcassets in Resources */ = {isa = PBXBuildFile; fileRef = CC7D392420FD053D00913023 /* Assets.xcassets */; };
		CC7D392820FD053D00913023 /* LaunchScreen.storyboard in Resources */ = {isa = PBXBuildFile; fileRef = CC7D392620FD053D00913023 /* LaunchScreen.storyboard */; };
		CC7D392B20FD053D00913023 /* main.m in Sources */ = {isa = PBXBuildFile; fileRef = CC7D392A20FD053D00913023 /* main.m */; };
		CC7D393520FD053D00913023 /* WeatherAppTests.m in Sources */ = {isa = PBXBuildFile; fileRef = CC7D393420FD053D00913023 /* WeatherAppTests.m */; };
		CC7D394020FD053D00913023 /* WeatherAppUITests.m in Sources */ = {isa = PBXBuildFile; fileRef = CC7D393F20FD053D00913023 /* WeatherAppUITests.m */; };
		CCA2D09320FE6E920095D4E7 /* DailyViewController.m in Sources */ = {isa = PBXBuildFile; fileRef = CCA2D09220FE6E920095D4E7 /* DailyViewController.m */; };
		CCC8951920FFCCBA00DEF6AD /* DailyTableViewCell.m in Sources */ = {isa = PBXBuildFile; fileRef = CCC8951820FFCCBA00DEF6AD /* DailyTableViewCell.m */; };
		CCE8557421098B480035230F /* DailyView.m in Sources */ = {isa = PBXBuildFile; fileRef = CCE8557321098B480035230F /* DailyView.m */; };
		CCE855B82109C3090035230F /* WeeklyView.m in Sources */ = {isa = PBXBuildFile; fileRef = CCE855B72109C3090035230F /* WeeklyView.m */; };
		CE280C0B166C66C23D6B080B /* libPods-WeatherAppTests.a in Frameworks */ = {isa = PBXBuildFile; fileRef = ABCEC71E4DF87C4C79A8B9BF /* libPods-WeatherAppTests.a */; };
/* End PBXBuildFile section */

/* Begin PBXContainerItemProxy section */
		CC7D393120FD053D00913023 /* PBXContainerItemProxy */ = {
			isa = PBXContainerItemProxy;
			containerPortal = CC7D391020FD053A00913023 /* Project object */;
			proxyType = 1;
			remoteGlobalIDString = CC7D391720FD053A00913023;
			remoteInfo = WeatherApp;
		};
		CC7D393C20FD053D00913023 /* PBXContainerItemProxy */ = {
			isa = PBXContainerItemProxy;
			containerPortal = CC7D391020FD053A00913023 /* Project object */;
			proxyType = 1;
			remoteGlobalIDString = CC7D391720FD053A00913023;
			remoteInfo = WeatherApp;
		};
/* End PBXContainerItemProxy section */

/* Begin PBXCopyFilesBuildPhase section */
		CC74E50421084D1300082593 /* Embed App Extensions */ = {
			isa = PBXCopyFilesBuildPhase;
			buildActionMask = 2147483647;
			dstPath = "";
			dstSubfolderSpec = 13;
			files = (
			);
			name = "Embed App Extensions";
			runOnlyForDeploymentPostprocessing = 0;
		};
/* End PBXCopyFilesBuildPhase section */

/* Begin PBXFileReference section */
		01A042D41307C04348171D75 /* Pods-WeatherAppTests.release.xcconfig */ = {isa = PBXFileReference; includeInIndex = 1; lastKnownFileType = text.xcconfig; name = "Pods-WeatherAppTests.release.xcconfig"; path = "Pods/Target Support Files/Pods-WeatherAppTests/Pods-WeatherAppTests.release.xcconfig"; sourceTree = "<group>"; };
		2F6BFD206F93B681F538A176 /* libPods-WeatherApp.a */ = {isa = PBXFileReference; explicitFileType = archive.ar; includeInIndex = 0; path = "libPods-WeatherApp.a"; sourceTree = BUILT_PRODUCTS_DIR; };
		3330AE1720FE739700B37975 /* SettingsViewController.h */ = {isa = PBXFileReference; lastKnownFileType = sourcecode.c.h; path = SettingsViewController.h; sourceTree = "<group>"; };
		3330AE1820FE739700B37975 /* SettingsViewController.m */ = {isa = PBXFileReference; lastKnownFileType = sourcecode.c.objc; path = SettingsViewController.m; sourceTree = "<group>"; };
		3330AE1A2101112000B37975 /* LocationPickerViewController.h */ = {isa = PBXFileReference; lastKnownFileType = sourcecode.c.h; path = LocationPickerViewController.h; sourceTree = "<group>"; };
		3330AE1B2101112000B37975 /* LocationPickerViewController.m */ = {isa = PBXFileReference; lastKnownFileType = sourcecode.c.objc; path = LocationPickerViewController.m; sourceTree = "<group>"; };
		3330AE1D210118CC00B37975 /* CoreLocation.framework */ = {isa = PBXFileReference; lastKnownFileType = wrapper.framework; name = CoreLocation.framework; path = System/Library/Frameworks/CoreLocation.framework; sourceTree = SDKROOT; };
		3330AE1F2101363B00B37975 /* GeoAPIManager.h */ = {isa = PBXFileReference; lastKnownFileType = sourcecode.c.h; path = GeoAPIManager.h; sourceTree = "<group>"; };
		3330AE202101363B00B37975 /* GeoAPIManager.m */ = {isa = PBXFileReference; lastKnownFileType = sourcecode.c.objc; path = GeoAPIManager.m; sourceTree = "<group>"; };
		3330AE232102842700B37975 /* PreferenceTableViewCell.h */ = {isa = PBXFileReference; lastKnownFileType = sourcecode.c.h; path = PreferenceTableViewCell.h; sourceTree = "<group>"; };
		3330AE242102842700B37975 /* PreferenceTableViewCell.m */ = {isa = PBXFileReference; lastKnownFileType = sourcecode.c.objc; path = PreferenceTableViewCell.m; sourceTree = "<group>"; };
		3330AE262107A16700B37975 /* LocationTableViewCell.h */ = {isa = PBXFileReference; lastKnownFileType = sourcecode.c.h; path = LocationTableViewCell.h; sourceTree = "<group>"; };
		3330AE272107A16700B37975 /* LocationTableViewCell.m */ = {isa = PBXFileReference; lastKnownFileType = sourcecode.c.objc; path = LocationTableViewCell.m; sourceTree = "<group>"; };
		3330AE292107EE2B00B37975 /* LocationWeatherViewController.h */ = {isa = PBXFileReference; lastKnownFileType = sourcecode.c.h; path = LocationWeatherViewController.h; sourceTree = "<group>"; };
		3330AE2A2107EE2B00B37975 /* LocationWeatherViewController.m */ = {isa = PBXFileReference; lastKnownFileType = sourcecode.c.objc; path = LocationWeatherViewController.m; sourceTree = "<group>"; };
		33F00C0A20FD116C008F56CE /* User.h */ = {isa = PBXFileReference; lastKnownFileType = sourcecode.c.h; path = User.h; sourceTree = "<group>"; };
		33F00C0B20FD116C008F56CE /* User.m */ = {isa = PBXFileReference; lastKnownFileType = sourcecode.c.objc; path = User.m; sourceTree = "<group>"; };
		33F00C0D20FD1215008F56CE /* Location.h */ = {isa = PBXFileReference; lastKnownFileType = sourcecode.c.h; path = Location.h; sourceTree = "<group>"; };
		33F00C0E20FD1215008F56CE /* Location.m */ = {isa = PBXFileReference; lastKnownFileType = sourcecode.c.objc; path = Location.m; sourceTree = "<group>"; };
		33F00C1020FD1244008F56CE /* Preferences.h */ = {isa = PBXFileReference; lastKnownFileType = sourcecode.c.h; path = Preferences.h; sourceTree = "<group>"; };
		33F00C1120FD1244008F56CE /* Preferences.m */ = {isa = PBXFileReference; lastKnownFileType = sourcecode.c.objc; path = Preferences.m; sourceTree = "<group>"; };
		524144110B4F9BD7E659BE75 /* libPods-WeatherAppUITests.a */ = {isa = PBXFileReference; explicitFileType = archive.ar; includeInIndex = 0; path = "libPods-WeatherAppUITests.a"; sourceTree = BUILT_PRODUCTS_DIR; };
		5D18544A78FAE2F72C92936A /* Pods-WeatherAppUITests.debug.xcconfig */ = {isa = PBXFileReference; includeInIndex = 1; lastKnownFileType = text.xcconfig; name = "Pods-WeatherAppUITests.debug.xcconfig"; path = "Pods/Target Support Files/Pods-WeatherAppUITests/Pods-WeatherAppUITests.debug.xcconfig"; sourceTree = "<group>"; };
		7254C27D05487E4FF6001285 /* Pods-WeatherAppUITests.release.xcconfig */ = {isa = PBXFileReference; includeInIndex = 1; lastKnownFileType = text.xcconfig; name = "Pods-WeatherAppUITests.release.xcconfig"; path = "Pods/Target Support Files/Pods-WeatherAppUITests/Pods-WeatherAppUITests.release.xcconfig"; sourceTree = "<group>"; };
		9203E63020FD47DD00F8C858 /* APIManager.h */ = {isa = PBXFileReference; lastKnownFileType = sourcecode.c.h; path = APIManager.h; sourceTree = "<group>"; };
		9203E63120FD47DD00F8C858 /* APIManager.m */ = {isa = PBXFileReference; lastKnownFileType = sourcecode.c.objc; path = APIManager.m; sourceTree = "<group>"; };
		9203E63420FD546900F8C858 /* WeeklyViewController.h */ = {isa = PBXFileReference; lastKnownFileType = sourcecode.c.h; path = WeeklyViewController.h; sourceTree = "<group>"; };
		9203E63520FD546900F8C858 /* WeeklyViewController.m */ = {isa = PBXFileReference; lastKnownFileType = sourcecode.c.objc; path = WeeklyViewController.m; sourceTree = "<group>"; };
		9203E63820FD73C600F8C858 /* WeeklyCell.h */ = {isa = PBXFileReference; lastKnownFileType = sourcecode.c.h; path = WeeklyCell.h; sourceTree = "<group>"; };
		9203E63920FD73C600F8C858 /* WeeklyCell.m */ = {isa = PBXFileReference; lastKnownFileType = sourcecode.c.objc; path = WeeklyCell.m; sourceTree = "<group>"; };
		9262591421067E7500BEF660 /* LocationDetailsViewController.h */ = {isa = PBXFileReference; lastKnownFileType = sourcecode.c.h; path = LocationDetailsViewController.h; sourceTree = "<group>"; };
		9262591521067E7500BEF660 /* LocationDetailsViewController.m */ = {isa = PBXFileReference; lastKnownFileType = sourcecode.c.objc; path = LocationDetailsViewController.m; sourceTree = "<group>"; };
		927E18A0210106B700CA03F6 /* Weather.h */ = {isa = PBXFileReference; lastKnownFileType = sourcecode.c.h; path = Weather.h; sourceTree = "<group>"; };
		927E18A1210106B700CA03F6 /* Weather.m */ = {isa = PBXFileReference; lastKnownFileType = sourcecode.c.objc; path = Weather.m; sourceTree = "<group>"; };
		ABCEC71E4DF87C4C79A8B9BF /* libPods-WeatherAppTests.a */ = {isa = PBXFileReference; explicitFileType = archive.ar; includeInIndex = 0; path = "libPods-WeatherAppTests.a"; sourceTree = BUILT_PRODUCTS_DIR; };
		C6F87DD29FB6698DF722B3DF /* Pods-WeatherAppTests.debug.xcconfig */ = {isa = PBXFileReference; includeInIndex = 1; lastKnownFileType = text.xcconfig; name = "Pods-WeatherAppTests.debug.xcconfig"; path = "Pods/Target Support Files/Pods-WeatherAppTests/Pods-WeatherAppTests.debug.xcconfig"; sourceTree = "<group>"; };
		C8F1DA2B1A28A8278AEEF034 /* Pods-WeatherApp.debug.xcconfig */ = {isa = PBXFileReference; includeInIndex = 1; lastKnownFileType = text.xcconfig; name = "Pods-WeatherApp.debug.xcconfig"; path = "Pods/Target Support Files/Pods-WeatherApp/Pods-WeatherApp.debug.xcconfig"; sourceTree = "<group>"; };
		CC74E4F421084D1300082593 /* NotificationCenter.framework */ = {isa = PBXFileReference; lastKnownFileType = wrapper.framework; name = NotificationCenter.framework; path = System/Library/Frameworks/NotificationCenter.framework; sourceTree = SDKROOT; };
		CC7A6A08210115D600028419 /* LoginViewController.h */ = {isa = PBXFileReference; lastKnownFileType = sourcecode.c.h; path = LoginViewController.h; sourceTree = "<group>"; };
		CC7A6A09210115D600028419 /* LoginViewController.m */ = {isa = PBXFileReference; lastKnownFileType = sourcecode.c.objc; path = LoginViewController.m; sourceTree = "<group>"; };
		CC7A6A0B2102B10F00028419 /* PageViewController.h */ = {isa = PBXFileReference; lastKnownFileType = sourcecode.c.h; path = PageViewController.h; sourceTree = "<group>"; };
		CC7A6A0C2102B10F00028419 /* PageViewController.m */ = {isa = PBXFileReference; lastKnownFileType = sourcecode.c.objc; path = PageViewController.m; sourceTree = "<group>"; };
		CC7D391820FD053A00913023 /* WeatherApp.app */ = {isa = PBXFileReference; explicitFileType = wrapper.application; includeInIndex = 0; path = WeatherApp.app; sourceTree = BUILT_PRODUCTS_DIR; };
		CC7D391B20FD053A00913023 /* AppDelegate.h */ = {isa = PBXFileReference; lastKnownFileType = sourcecode.c.h; path = AppDelegate.h; sourceTree = "<group>"; };
		CC7D391C20FD053A00913023 /* AppDelegate.m */ = {isa = PBXFileReference; lastKnownFileType = sourcecode.c.objc; path = AppDelegate.m; sourceTree = "<group>"; };
		CC7D392420FD053D00913023 /* Assets.xcassets */ = {isa = PBXFileReference; lastKnownFileType = folder.assetcatalog; path = Assets.xcassets; sourceTree = "<group>"; };
		CC7D392720FD053D00913023 /* Base */ = {isa = PBXFileReference; lastKnownFileType = file.storyboard; name = Base; path = Base.lproj/LaunchScreen.storyboard; sourceTree = "<group>"; };
		CC7D392920FD053D00913023 /* Info.plist */ = {isa = PBXFileReference; lastKnownFileType = text.plist.xml; path = Info.plist; sourceTree = "<group>"; };
		CC7D392A20FD053D00913023 /* main.m */ = {isa = PBXFileReference; lastKnownFileType = sourcecode.c.objc; path = main.m; sourceTree = "<group>"; };
		CC7D393020FD053D00913023 /* WeatherAppTests.xctest */ = {isa = PBXFileReference; explicitFileType = wrapper.cfbundle; includeInIndex = 0; path = WeatherAppTests.xctest; sourceTree = BUILT_PRODUCTS_DIR; };
		CC7D393420FD053D00913023 /* WeatherAppTests.m */ = {isa = PBXFileReference; lastKnownFileType = sourcecode.c.objc; path = WeatherAppTests.m; sourceTree = "<group>"; };
		CC7D393620FD053D00913023 /* Info.plist */ = {isa = PBXFileReference; lastKnownFileType = text.plist.xml; path = Info.plist; sourceTree = "<group>"; };
		CC7D393B20FD053D00913023 /* WeatherAppUITests.xctest */ = {isa = PBXFileReference; explicitFileType = wrapper.cfbundle; includeInIndex = 0; path = WeatherAppUITests.xctest; sourceTree = BUILT_PRODUCTS_DIR; };
		CC7D393F20FD053D00913023 /* WeatherAppUITests.m */ = {isa = PBXFileReference; lastKnownFileType = sourcecode.c.objc; path = WeatherAppUITests.m; sourceTree = "<group>"; };
		CC7D394120FD053D00913023 /* Info.plist */ = {isa = PBXFileReference; lastKnownFileType = text.plist.xml; path = Info.plist; sourceTree = "<group>"; };
		CCA2D09120FE6E920095D4E7 /* DailyViewController.h */ = {isa = PBXFileReference; lastKnownFileType = sourcecode.c.h; path = DailyViewController.h; sourceTree = "<group>"; };
		CCA2D09220FE6E920095D4E7 /* DailyViewController.m */ = {isa = PBXFileReference; lastKnownFileType = sourcecode.c.objc; path = DailyViewController.m; sourceTree = "<group>"; };
		CCC8951720FFCCBA00DEF6AD /* DailyTableViewCell.h */ = {isa = PBXFileReference; lastKnownFileType = sourcecode.c.h; path = DailyTableViewCell.h; sourceTree = "<group>"; };
		CCC8951820FFCCBA00DEF6AD /* DailyTableViewCell.m */ = {isa = PBXFileReference; lastKnownFileType = sourcecode.c.objc; path = DailyTableViewCell.m; sourceTree = "<group>"; };
		CCE8557221098B480035230F /* DailyView.h */ = {isa = PBXFileReference; lastKnownFileType = sourcecode.c.h; path = DailyView.h; sourceTree = "<group>"; };
		CCE8557321098B480035230F /* DailyView.m */ = {isa = PBXFileReference; lastKnownFileType = sourcecode.c.objc; path = DailyView.m; sourceTree = "<group>"; };
		CCE855B62109C3090035230F /* WeeklyView.h */ = {isa = PBXFileReference; lastKnownFileType = sourcecode.c.h; path = WeeklyView.h; sourceTree = "<group>"; };
		CCE855B72109C3090035230F /* WeeklyView.m */ = {isa = PBXFileReference; lastKnownFileType = sourcecode.c.objc; path = WeeklyView.m; sourceTree = "<group>"; };
		E045F920045B440297515456 /* Pods-WeatherApp.release.xcconfig */ = {isa = PBXFileReference; includeInIndex = 1; lastKnownFileType = text.xcconfig; name = "Pods-WeatherApp.release.xcconfig"; path = "Pods/Target Support Files/Pods-WeatherApp/Pods-WeatherApp.release.xcconfig"; sourceTree = "<group>"; };
/* End PBXFileReference section */

/* Begin PBXFrameworksBuildPhase section */
		CC7D391520FD053A00913023 /* Frameworks */ = {
			isa = PBXFrameworksBuildPhase;
			buildActionMask = 2147483647;
			files = (
				3330AE1E210118CC00B37975 /* CoreLocation.framework in Frameworks */,
				3D67EBC237442807A2CAC4DA /* libPods-WeatherApp.a in Frameworks */,
			);
			runOnlyForDeploymentPostprocessing = 0;
		};
		CC7D392D20FD053D00913023 /* Frameworks */ = {
			isa = PBXFrameworksBuildPhase;
			buildActionMask = 2147483647;
			files = (
				CE280C0B166C66C23D6B080B /* libPods-WeatherAppTests.a in Frameworks */,
			);
			runOnlyForDeploymentPostprocessing = 0;
		};
		CC7D393820FD053D00913023 /* Frameworks */ = {
			isa = PBXFrameworksBuildPhase;
			buildActionMask = 2147483647;
			files = (
				81ED304CD241E51F5C4DC335 /* libPods-WeatherAppUITests.a in Frameworks */,
			);
			runOnlyForDeploymentPostprocessing = 0;
		};
/* End PBXFrameworksBuildPhase section */

/* Begin PBXGroup section */
		02CCCCF35700C271A7FF0751 /* Pods */ = {
			isa = PBXGroup;
			children = (
				C8F1DA2B1A28A8278AEEF034 /* Pods-WeatherApp.debug.xcconfig */,
				E045F920045B440297515456 /* Pods-WeatherApp.release.xcconfig */,
				C6F87DD29FB6698DF722B3DF /* Pods-WeatherAppTests.debug.xcconfig */,
				01A042D41307C04348171D75 /* Pods-WeatherAppTests.release.xcconfig */,
				5D18544A78FAE2F72C92936A /* Pods-WeatherAppUITests.debug.xcconfig */,
				7254C27D05487E4FF6001285 /* Pods-WeatherAppUITests.release.xcconfig */,
			);
			name = Pods;
			sourceTree = "<group>";
		};
		3330AE1620FE736900B37975 /* View Controllers */ = {
			isa = PBXGroup;
			children = (
				9203E63420FD546900F8C858 /* WeeklyViewController.h */,
				9203E63520FD546900F8C858 /* WeeklyViewController.m */,
				3330AE1720FE739700B37975 /* SettingsViewController.h */,
				3330AE1820FE739700B37975 /* SettingsViewController.m */,
				CCA2D09120FE6E920095D4E7 /* DailyViewController.h */,
				CCA2D09220FE6E920095D4E7 /* DailyViewController.m */,
				3330AE1A2101112000B37975 /* LocationPickerViewController.h */,
				3330AE1B2101112000B37975 /* LocationPickerViewController.m */,
				CC7A6A08210115D600028419 /* LoginViewController.h */,
				CC7A6A09210115D600028419 /* LoginViewController.m */,
				CC7A6A0B2102B10F00028419 /* PageViewController.h */,
				CC7A6A0C2102B10F00028419 /* PageViewController.m */,
				9262591421067E7500BEF660 /* LocationDetailsViewController.h */,
				9262591521067E7500BEF660 /* LocationDetailsViewController.m */,
				3330AE292107EE2B00B37975 /* LocationWeatherViewController.h */,
				3330AE2A2107EE2B00B37975 /* LocationWeatherViewController.m */,
			);
			path = "View Controllers";
			sourceTree = "<group>";
		};
		33F00C0920FD0F1B008F56CE /* Models */ = {
			isa = PBXGroup;
			children = (
				33F00C0A20FD116C008F56CE /* User.h */,
				33F00C0B20FD116C008F56CE /* User.m */,
				33F00C0D20FD1215008F56CE /* Location.h */,
				33F00C0E20FD1215008F56CE /* Location.m */,
				33F00C1020FD1244008F56CE /* Preferences.h */,
				33F00C1120FD1244008F56CE /* Preferences.m */,
				927E18A0210106B700CA03F6 /* Weather.h */,
				927E18A1210106B700CA03F6 /* Weather.m */,
			);
			path = Models;
			sourceTree = "<group>";
		};
		85F548516BD29901A61DB33D /* Frameworks */ = {
			isa = PBXGroup;
			children = (
				3330AE1D210118CC00B37975 /* CoreLocation.framework */,
				2F6BFD206F93B681F538A176 /* libPods-WeatherApp.a */,
				ABCEC71E4DF87C4C79A8B9BF /* libPods-WeatherAppTests.a */,
				524144110B4F9BD7E659BE75 /* libPods-WeatherAppUITests.a */,
				CC74E4F421084D1300082593 /* NotificationCenter.framework */,
			);
			name = Frameworks;
			sourceTree = "<group>";
		};
		9203E62F20FD47C700F8C858 /* API */ = {
			isa = PBXGroup;
			children = (
				9203E63020FD47DD00F8C858 /* APIManager.h */,
				9203E63120FD47DD00F8C858 /* APIManager.m */,
				3330AE1F2101363B00B37975 /* GeoAPIManager.h */,
				3330AE202101363B00B37975 /* GeoAPIManager.m */,
			);
			path = API;
			sourceTree = "<group>";
		};
		9203E63720FD73B100F8C858 /* View */ = {
			isa = PBXGroup;
			children = (
				9203E63820FD73C600F8C858 /* WeeklyCell.h */,
				9203E63920FD73C600F8C858 /* WeeklyCell.m */,
				CCC8951720FFCCBA00DEF6AD /* DailyTableViewCell.h */,
				CCC8951820FFCCBA00DEF6AD /* DailyTableViewCell.m */,
				3330AE232102842700B37975 /* PreferenceTableViewCell.h */,
				3330AE242102842700B37975 /* PreferenceTableViewCell.m */,
				3330AE262107A16700B37975 /* LocationTableViewCell.h */,
				3330AE272107A16700B37975 /* LocationTableViewCell.m */,
				CCE8557221098B480035230F /* DailyView.h */,
				CCE8557321098B480035230F /* DailyView.m */,
				CCE855B62109C3090035230F /* WeeklyView.h */,
				CCE855B72109C3090035230F /* WeeklyView.m */,
			);
			path = View;
			sourceTree = "<group>";
		};
		CC7D390F20FD053A00913023 = {
			isa = PBXGroup;
			children = (
				CC7D391A20FD053A00913023 /* WeatherApp */,
				CC7D393320FD053D00913023 /* WeatherAppTests */,
				CC7D393E20FD053D00913023 /* WeatherAppUITests */,
				CC7D391920FD053A00913023 /* Products */,
				02CCCCF35700C271A7FF0751 /* Pods */,
				85F548516BD29901A61DB33D /* Frameworks */,
			);
			sourceTree = "<group>";
		};
		CC7D391920FD053A00913023 /* Products */ = {
			isa = PBXGroup;
			children = (
				CC7D391820FD053A00913023 /* WeatherApp.app */,
				CC7D393020FD053D00913023 /* WeatherAppTests.xctest */,
				CC7D393B20FD053D00913023 /* WeatherAppUITests.xctest */,
			);
			name = Products;
			sourceTree = "<group>";
		};
		CC7D391A20FD053A00913023 /* WeatherApp */ = {
			isa = PBXGroup;
			children = (
				9203E63720FD73B100F8C858 /* View */,
				3330AE1620FE736900B37975 /* View Controllers */,
				9203E62F20FD47C700F8C858 /* API */,
				33F00C0920FD0F1B008F56CE /* Models */,
				CC7D391B20FD053A00913023 /* AppDelegate.h */,
				CC7D391C20FD053A00913023 /* AppDelegate.m */,
				CC7D392420FD053D00913023 /* Assets.xcassets */,
				CC7D392620FD053D00913023 /* LaunchScreen.storyboard */,
				CC7D392920FD053D00913023 /* Info.plist */,
				CC7D392A20FD053D00913023 /* main.m */,
			);
			path = WeatherApp;
			sourceTree = "<group>";
		};
		CC7D393320FD053D00913023 /* WeatherAppTests */ = {
			isa = PBXGroup;
			children = (
				CC7D393420FD053D00913023 /* WeatherAppTests.m */,
				CC7D393620FD053D00913023 /* Info.plist */,
			);
			path = WeatherAppTests;
			sourceTree = "<group>";
		};
		CC7D393E20FD053D00913023 /* WeatherAppUITests */ = {
			isa = PBXGroup;
			children = (
				CC7D393F20FD053D00913023 /* WeatherAppUITests.m */,
				CC7D394120FD053D00913023 /* Info.plist */,
			);
			path = WeatherAppUITests;
			sourceTree = "<group>";
		};
/* End PBXGroup section */

/* Begin PBXNativeTarget section */
		CC7D391720FD053A00913023 /* WeatherApp */ = {
			isa = PBXNativeTarget;
			buildConfigurationList = CC7D394420FD053D00913023 /* Build configuration list for PBXNativeTarget "WeatherApp" */;
			buildPhases = (
				21802F62B95C714BFE909873 /* [CP] Check Pods Manifest.lock */,
				CC7D391420FD053A00913023 /* Sources */,
				CC7D391520FD053A00913023 /* Frameworks */,
				CC7D391620FD053A00913023 /* Resources */,
				6437094D95AEE7CEFA811BA7 /* [CP] Copy Pods Resources */,
				CC74E50421084D1300082593 /* Embed App Extensions */,
			);
			buildRules = (
			);
			dependencies = (
			);
			name = WeatherApp;
			productName = WeatherApp;
			productReference = CC7D391820FD053A00913023 /* WeatherApp.app */;
			productType = "com.apple.product-type.application";
		};
		CC7D392F20FD053D00913023 /* WeatherAppTests */ = {
			isa = PBXNativeTarget;
			buildConfigurationList = CC7D394720FD053D00913023 /* Build configuration list for PBXNativeTarget "WeatherAppTests" */;
			buildPhases = (
				7C4FAE17D3F65DF9619D570E /* [CP] Check Pods Manifest.lock */,
				CC7D392C20FD053D00913023 /* Sources */,
				CC7D392D20FD053D00913023 /* Frameworks */,
				CC7D392E20FD053D00913023 /* Resources */,
			);
			buildRules = (
			);
			dependencies = (
				CC7D393220FD053D00913023 /* PBXTargetDependency */,
			);
			name = WeatherAppTests;
			productName = WeatherAppTests;
			productReference = CC7D393020FD053D00913023 /* WeatherAppTests.xctest */;
			productType = "com.apple.product-type.bundle.unit-test";
		};
		CC7D393A20FD053D00913023 /* WeatherAppUITests */ = {
			isa = PBXNativeTarget;
			buildConfigurationList = CC7D394A20FD053D00913023 /* Build configuration list for PBXNativeTarget "WeatherAppUITests" */;
			buildPhases = (
				6B2A0BBC658F2270A27E42DF /* [CP] Check Pods Manifest.lock */,
				CC7D393720FD053D00913023 /* Sources */,
				CC7D393820FD053D00913023 /* Frameworks */,
				CC7D393920FD053D00913023 /* Resources */,
			);
			buildRules = (
			);
			dependencies = (
				CC7D393D20FD053D00913023 /* PBXTargetDependency */,
			);
			name = WeatherAppUITests;
			productName = WeatherAppUITests;
			productReference = CC7D393B20FD053D00913023 /* WeatherAppUITests.xctest */;
			productType = "com.apple.product-type.bundle.ui-testing";
		};
/* End PBXNativeTarget section */

/* Begin PBXProject section */
		CC7D391020FD053A00913023 /* Project object */ = {
			isa = PBXProject;
			attributes = {
				LastUpgradeCheck = 0940;
				ORGANIZATIONNAME = xToBeAnnounce;
				TargetAttributes = {
					CC7D391720FD053A00913023 = {
						CreatedOnToolsVersion = 9.4.1;
					};
					CC7D392F20FD053D00913023 = {
						CreatedOnToolsVersion = 9.4.1;
						TestTargetID = CC7D391720FD053A00913023;
					};
					CC7D393A20FD053D00913023 = {
						CreatedOnToolsVersion = 9.4.1;
						TestTargetID = CC7D391720FD053A00913023;
					};
				};
			};
			buildConfigurationList = CC7D391320FD053A00913023 /* Build configuration list for PBXProject "WeatherApp" */;
			compatibilityVersion = "Xcode 9.3";
			developmentRegion = en;
			hasScannedForEncodings = 0;
			knownRegions = (
				en,
				Base,
			);
			mainGroup = CC7D390F20FD053A00913023;
			productRefGroup = CC7D391920FD053A00913023 /* Products */;
			projectDirPath = "";
			projectRoot = "";
			targets = (
				CC7D391720FD053A00913023 /* WeatherApp */,
				CC7D392F20FD053D00913023 /* WeatherAppTests */,
				CC7D393A20FD053D00913023 /* WeatherAppUITests */,
			);
		};
/* End PBXProject section */

/* Begin PBXResourcesBuildPhase section */
		CC7D391620FD053A00913023 /* Resources */ = {
			isa = PBXResourcesBuildPhase;
			buildActionMask = 2147483647;
			files = (
				CC7D392820FD053D00913023 /* LaunchScreen.storyboard in Resources */,
				CC7D392520FD053D00913023 /* Assets.xcassets in Resources */,
			);
			runOnlyForDeploymentPostprocessing = 0;
		};
		CC7D392E20FD053D00913023 /* Resources */ = {
			isa = PBXResourcesBuildPhase;
			buildActionMask = 2147483647;
			files = (
			);
			runOnlyForDeploymentPostprocessing = 0;
		};
		CC7D393920FD053D00913023 /* Resources */ = {
			isa = PBXResourcesBuildPhase;
			buildActionMask = 2147483647;
			files = (
			);
			runOnlyForDeploymentPostprocessing = 0;
		};
/* End PBXResourcesBuildPhase section */

/* Begin PBXShellScriptBuildPhase section */
		21802F62B95C714BFE909873 /* [CP] Check Pods Manifest.lock */ = {
			isa = PBXShellScriptBuildPhase;
			buildActionMask = 2147483647;
			files = (
			);
			inputPaths = (
				"${PODS_PODFILE_DIR_PATH}/Podfile.lock",
				"${PODS_ROOT}/Manifest.lock",
			);
			name = "[CP] Check Pods Manifest.lock";
			outputPaths = (
				"$(DERIVED_FILE_DIR)/Pods-WeatherApp-checkManifestLockResult.txt",
			);
			runOnlyForDeploymentPostprocessing = 0;
			shellPath = /bin/sh;
			shellScript = "diff \"${PODS_PODFILE_DIR_PATH}/Podfile.lock\" \"${PODS_ROOT}/Manifest.lock\" > /dev/null\nif [ $? != 0 ] ; then\n    # print error to STDERR\n    echo \"error: The sandbox is not in sync with the Podfile.lock. Run 'pod install' or update your CocoaPods installation.\" >&2\n    exit 1\nfi\n# This output is used by Xcode 'outputs' to avoid re-running this script phase.\necho \"SUCCESS\" > \"${SCRIPT_OUTPUT_FILE_0}\"\n";
			showEnvVarsInLog = 0;
		};
		6437094D95AEE7CEFA811BA7 /* [CP] Copy Pods Resources */ = {
			isa = PBXShellScriptBuildPhase;
			buildActionMask = 2147483647;
			files = (
			);
			inputPaths = (
				"${SRCROOT}/Pods/Target Support Files/Pods-WeatherApp/Pods-WeatherApp-resources.sh",
				"${PODS_CONFIGURATION_BUILD_DIR}/Parse/Parse.bundle",
			);
			name = "[CP] Copy Pods Resources";
			outputPaths = (
				"${TARGET_BUILD_DIR}/${UNLOCALIZED_RESOURCES_FOLDER_PATH}/Parse.bundle",
			);
			runOnlyForDeploymentPostprocessing = 0;
			shellPath = /bin/sh;
			shellScript = "\"${SRCROOT}/Pods/Target Support Files/Pods-WeatherApp/Pods-WeatherApp-resources.sh\"\n";
			showEnvVarsInLog = 0;
		};
		6B2A0BBC658F2270A27E42DF /* [CP] Check Pods Manifest.lock */ = {
			isa = PBXShellScriptBuildPhase;
			buildActionMask = 2147483647;
			files = (
			);
			inputPaths = (
				"${PODS_PODFILE_DIR_PATH}/Podfile.lock",
				"${PODS_ROOT}/Manifest.lock",
			);
			name = "[CP] Check Pods Manifest.lock";
			outputPaths = (
				"$(DERIVED_FILE_DIR)/Pods-WeatherAppUITests-checkManifestLockResult.txt",
			);
			runOnlyForDeploymentPostprocessing = 0;
			shellPath = /bin/sh;
			shellScript = "diff \"${PODS_PODFILE_DIR_PATH}/Podfile.lock\" \"${PODS_ROOT}/Manifest.lock\" > /dev/null\nif [ $? != 0 ] ; then\n    # print error to STDERR\n    echo \"error: The sandbox is not in sync with the Podfile.lock. Run 'pod install' or update your CocoaPods installation.\" >&2\n    exit 1\nfi\n# This output is used by Xcode 'outputs' to avoid re-running this script phase.\necho \"SUCCESS\" > \"${SCRIPT_OUTPUT_FILE_0}\"\n";
			showEnvVarsInLog = 0;
		};
		7C4FAE17D3F65DF9619D570E /* [CP] Check Pods Manifest.lock */ = {
			isa = PBXShellScriptBuildPhase;
			buildActionMask = 2147483647;
			files = (
			);
			inputPaths = (
				"${PODS_PODFILE_DIR_PATH}/Podfile.lock",
				"${PODS_ROOT}/Manifest.lock",
			);
			name = "[CP] Check Pods Manifest.lock";
			outputPaths = (
				"$(DERIVED_FILE_DIR)/Pods-WeatherAppTests-checkManifestLockResult.txt",
			);
			runOnlyForDeploymentPostprocessing = 0;
			shellPath = /bin/sh;
			shellScript = "diff \"${PODS_PODFILE_DIR_PATH}/Podfile.lock\" \"${PODS_ROOT}/Manifest.lock\" > /dev/null\nif [ $? != 0 ] ; then\n    # print error to STDERR\n    echo \"error: The sandbox is not in sync with the Podfile.lock. Run 'pod install' or update your CocoaPods installation.\" >&2\n    exit 1\nfi\n# This output is used by Xcode 'outputs' to avoid re-running this script phase.\necho \"SUCCESS\" > \"${SCRIPT_OUTPUT_FILE_0}\"\n";
			showEnvVarsInLog = 0;
		};
/* End PBXShellScriptBuildPhase section */

/* Begin PBXSourcesBuildPhase section */
		CC7D391420FD053A00913023 /* Sources */ = {
			isa = PBXSourcesBuildPhase;
			buildActionMask = 2147483647;
			files = (
				3330AE282107A16700B37975 /* LocationTableViewCell.m in Sources */,
				927E18A2210106B700CA03F6 /* Weather.m in Sources */,
				9203E63A20FD73C600F8C858 /* WeeklyCell.m in Sources */,
				9203E63220FD47DD00F8C858 /* APIManager.m in Sources */,
				33F00C0C20FD116C008F56CE /* User.m in Sources */,
				9262591621067E7500BEF660 /* LocationDetailsViewController.m in Sources */,
				3330AE2B2107EE2B00B37975 /* LocationWeatherViewController.m in Sources */,
				3330AE1C2101112000B37975 /* LocationPickerViewController.m in Sources */,
				CCE8557421098B480035230F /* DailyView.m in Sources */,
				33F00C0F20FD1215008F56CE /* Location.m in Sources */,
				3330AE252102842700B37975 /* PreferenceTableViewCell.m in Sources */,
				33F00C1220FD1244008F56CE /* Preferences.m in Sources */,
				CC7D392B20FD053D00913023 /* main.m in Sources */,
				9203E63620FD546900F8C858 /* WeeklyViewController.m in Sources */,
				CCE855B82109C3090035230F /* WeeklyView.m in Sources */,
				CCC8951920FFCCBA00DEF6AD /* DailyTableViewCell.m in Sources */,
				CC7A6A0A210115D600028419 /* LoginViewController.m in Sources */,
				CC7A6A0D2102B10F00028419 /* PageViewController.m in Sources */,
				CC7D391D20FD053A00913023 /* AppDelegate.m in Sources */,
				CCA2D09320FE6E920095D4E7 /* DailyViewController.m in Sources */,
				3330AE1920FE739700B37975 /* SettingsViewController.m in Sources */,
				3330AE212101363B00B37975 /* GeoAPIManager.m in Sources */,
			);
			runOnlyForDeploymentPostprocessing = 0;
		};
		CC7D392C20FD053D00913023 /* Sources */ = {
			isa = PBXSourcesBuildPhase;
			buildActionMask = 2147483647;
			files = (
				CC7D393520FD053D00913023 /* WeatherAppTests.m in Sources */,
			);
			runOnlyForDeploymentPostprocessing = 0;
		};
		CC7D393720FD053D00913023 /* Sources */ = {
			isa = PBXSourcesBuildPhase;
			buildActionMask = 2147483647;
			files = (
				CC7D394020FD053D00913023 /* WeatherAppUITests.m in Sources */,
			);
			runOnlyForDeploymentPostprocessing = 0;
		};
/* End PBXSourcesBuildPhase section */

/* Begin PBXTargetDependency section */
		CC7D393220FD053D00913023 /* PBXTargetDependency */ = {
			isa = PBXTargetDependency;
			target = CC7D391720FD053A00913023 /* WeatherApp */;
			targetProxy = CC7D393120FD053D00913023 /* PBXContainerItemProxy */;
		};
		CC7D393D20FD053D00913023 /* PBXTargetDependency */ = {
			isa = PBXTargetDependency;
			target = CC7D391720FD053A00913023 /* WeatherApp */;
			targetProxy = CC7D393C20FD053D00913023 /* PBXContainerItemProxy */;
		};
/* End PBXTargetDependency section */

/* Begin PBXVariantGroup section */
		CC7D392620FD053D00913023 /* LaunchScreen.storyboard */ = {
			isa = PBXVariantGroup;
			children = (
				CC7D392720FD053D00913023 /* Base */,
			);
			name = LaunchScreen.storyboard;
			sourceTree = "<group>";
		};
/* End PBXVariantGroup section */

/* Begin XCBuildConfiguration section */
		CC7D394220FD053D00913023 /* Debug */ = {
			isa = XCBuildConfiguration;
			buildSettings = {
				ALWAYS_SEARCH_USER_PATHS = NO;
				CLANG_ANALYZER_NONNULL = YES;
				CLANG_ANALYZER_NUMBER_OBJECT_CONVERSION = YES_AGGRESSIVE;
				CLANG_CXX_LANGUAGE_STANDARD = "gnu++14";
				CLANG_CXX_LIBRARY = "libc++";
				CLANG_ENABLE_MODULES = YES;
				CLANG_ENABLE_OBJC_ARC = YES;
				CLANG_ENABLE_OBJC_WEAK = YES;
				CLANG_WARN_BLOCK_CAPTURE_AUTORELEASING = YES;
				CLANG_WARN_BOOL_CONVERSION = YES;
				CLANG_WARN_COMMA = YES;
				CLANG_WARN_CONSTANT_CONVERSION = YES;
				CLANG_WARN_DEPRECATED_OBJC_IMPLEMENTATIONS = YES;
				CLANG_WARN_DIRECT_OBJC_ISA_USAGE = YES_ERROR;
				CLANG_WARN_DOCUMENTATION_COMMENTS = YES;
				CLANG_WARN_EMPTY_BODY = YES;
				CLANG_WARN_ENUM_CONVERSION = YES;
				CLANG_WARN_INFINITE_RECURSION = YES;
				CLANG_WARN_INT_CONVERSION = YES;
				CLANG_WARN_NON_LITERAL_NULL_CONVERSION = YES;
				CLANG_WARN_OBJC_IMPLICIT_RETAIN_SELF = YES;
				CLANG_WARN_OBJC_LITERAL_CONVERSION = YES;
				CLANG_WARN_OBJC_ROOT_CLASS = YES_ERROR;
				CLANG_WARN_RANGE_LOOP_ANALYSIS = YES;
				CLANG_WARN_STRICT_PROTOTYPES = YES;
				CLANG_WARN_SUSPICIOUS_MOVE = YES;
				CLANG_WARN_UNGUARDED_AVAILABILITY = YES_AGGRESSIVE;
				CLANG_WARN_UNREACHABLE_CODE = YES;
				CLANG_WARN__DUPLICATE_METHOD_MATCH = YES;
				CODE_SIGN_IDENTITY = "iPhone Developer";
				COPY_PHASE_STRIP = NO;
				DEBUG_INFORMATION_FORMAT = dwarf;
				ENABLE_STRICT_OBJC_MSGSEND = YES;
				ENABLE_TESTABILITY = YES;
				GCC_C_LANGUAGE_STANDARD = gnu11;
				GCC_DYNAMIC_NO_PIC = NO;
				GCC_NO_COMMON_BLOCKS = YES;
				GCC_OPTIMIZATION_LEVEL = 0;
				GCC_PREPROCESSOR_DEFINITIONS = (
					"DEBUG=1",
					"$(inherited)",
				);
				GCC_WARN_64_TO_32_BIT_CONVERSION = YES;
				GCC_WARN_ABOUT_RETURN_TYPE = YES_ERROR;
				GCC_WARN_UNDECLARED_SELECTOR = YES;
				GCC_WARN_UNINITIALIZED_AUTOS = YES_AGGRESSIVE;
				GCC_WARN_UNUSED_FUNCTION = YES;
				GCC_WARN_UNUSED_VARIABLE = YES;
				IPHONEOS_DEPLOYMENT_TARGET = 11.4;
				MTL_ENABLE_DEBUG_INFO = YES;
				ONLY_ACTIVE_ARCH = YES;
				SDKROOT = iphoneos;
			};
			name = Debug;
		};
		CC7D394320FD053D00913023 /* Release */ = {
			isa = XCBuildConfiguration;
			buildSettings = {
				ALWAYS_SEARCH_USER_PATHS = NO;
				CLANG_ANALYZER_NONNULL = YES;
				CLANG_ANALYZER_NUMBER_OBJECT_CONVERSION = YES_AGGRESSIVE;
				CLANG_CXX_LANGUAGE_STANDARD = "gnu++14";
				CLANG_CXX_LIBRARY = "libc++";
				CLANG_ENABLE_MODULES = YES;
				CLANG_ENABLE_OBJC_ARC = YES;
				CLANG_ENABLE_OBJC_WEAK = YES;
				CLANG_WARN_BLOCK_CAPTURE_AUTORELEASING = YES;
				CLANG_WARN_BOOL_CONVERSION = YES;
				CLANG_WARN_COMMA = YES;
				CLANG_WARN_CONSTANT_CONVERSION = YES;
				CLANG_WARN_DEPRECATED_OBJC_IMPLEMENTATIONS = YES;
				CLANG_WARN_DIRECT_OBJC_ISA_USAGE = YES_ERROR;
				CLANG_WARN_DOCUMENTATION_COMMENTS = YES;
				CLANG_WARN_EMPTY_BODY = YES;
				CLANG_WARN_ENUM_CONVERSION = YES;
				CLANG_WARN_INFINITE_RECURSION = YES;
				CLANG_WARN_INT_CONVERSION = YES;
				CLANG_WARN_NON_LITERAL_NULL_CONVERSION = YES;
				CLANG_WARN_OBJC_IMPLICIT_RETAIN_SELF = YES;
				CLANG_WARN_OBJC_LITERAL_CONVERSION = YES;
				CLANG_WARN_OBJC_ROOT_CLASS = YES_ERROR;
				CLANG_WARN_RANGE_LOOP_ANALYSIS = YES;
				CLANG_WARN_STRICT_PROTOTYPES = YES;
				CLANG_WARN_SUSPICIOUS_MOVE = YES;
				CLANG_WARN_UNGUARDED_AVAILABILITY = YES_AGGRESSIVE;
				CLANG_WARN_UNREACHABLE_CODE = YES;
				CLANG_WARN__DUPLICATE_METHOD_MATCH = YES;
				CODE_SIGN_IDENTITY = "iPhone Developer";
				COPY_PHASE_STRIP = NO;
				DEBUG_INFORMATION_FORMAT = "dwarf-with-dsym";
				ENABLE_NS_ASSERTIONS = NO;
				ENABLE_STRICT_OBJC_MSGSEND = YES;
				GCC_C_LANGUAGE_STANDARD = gnu11;
				GCC_NO_COMMON_BLOCKS = YES;
				GCC_WARN_64_TO_32_BIT_CONVERSION = YES;
				GCC_WARN_ABOUT_RETURN_TYPE = YES_ERROR;
				GCC_WARN_UNDECLARED_SELECTOR = YES;
				GCC_WARN_UNINITIALIZED_AUTOS = YES_AGGRESSIVE;
				GCC_WARN_UNUSED_FUNCTION = YES;
				GCC_WARN_UNUSED_VARIABLE = YES;
				IPHONEOS_DEPLOYMENT_TARGET = 11.4;
				MTL_ENABLE_DEBUG_INFO = NO;
				SDKROOT = iphoneos;
				VALIDATE_PRODUCT = YES;
			};
			name = Release;
		};
		CC7D394520FD053D00913023 /* Debug */ = {
			isa = XCBuildConfiguration;
			baseConfigurationReference = C8F1DA2B1A28A8278AEEF034 /* Pods-WeatherApp.debug.xcconfig */;
			buildSettings = {
				ASSETCATALOG_COMPILER_APPICON_NAME = AppIcon;
				CODE_SIGN_STYLE = Automatic;
				DEVELOPMENT_TEAM = LS88PBY5M5;
				INFOPLIST_FILE = WeatherApp/Info.plist;
				LD_RUNPATH_SEARCH_PATHS = (
					"$(inherited)",
					"@executable_path/Frameworks",
				);
				PRODUCT_BUNDLE_IDENTIFIER = xToBeAnnounce.WeatherApp;
				PRODUCT_NAME = "$(TARGET_NAME)";
				TARGETED_DEVICE_FAMILY = "1,2";
			};
			name = Debug;
		};
		CC7D394620FD053D00913023 /* Release */ = {
			isa = XCBuildConfiguration;
			baseConfigurationReference = E045F920045B440297515456 /* Pods-WeatherApp.release.xcconfig */;
			buildSettings = {
				ASSETCATALOG_COMPILER_APPICON_NAME = AppIcon;
				CODE_SIGN_STYLE = Automatic;
				DEVELOPMENT_TEAM = LS88PBY5M5;
				INFOPLIST_FILE = WeatherApp/Info.plist;
				LD_RUNPATH_SEARCH_PATHS = (
					"$(inherited)",
					"@executable_path/Frameworks",
				);
				PRODUCT_BUNDLE_IDENTIFIER = xToBeAnnounce.WeatherApp;
				PRODUCT_NAME = "$(TARGET_NAME)";
				TARGETED_DEVICE_FAMILY = "1,2";
			};
			name = Release;
		};
		CC7D394820FD053D00913023 /* Debug */ = {
			isa = XCBuildConfiguration;
			baseConfigurationReference = C6F87DD29FB6698DF722B3DF /* Pods-WeatherAppTests.debug.xcconfig */;
			buildSettings = {
				BUNDLE_LOADER = "$(TEST_HOST)";
				CODE_SIGN_STYLE = Automatic;
				DEVELOPMENT_TEAM = LS88PBY5M5;
				INFOPLIST_FILE = WeatherAppTests/Info.plist;
				LD_RUNPATH_SEARCH_PATHS = (
					"$(inherited)",
					"@executable_path/Frameworks",
					"@loader_path/Frameworks",
				);
				PRODUCT_BUNDLE_IDENTIFIER = xToBeAnnounce.WeatherAppTests;
				PRODUCT_NAME = "$(TARGET_NAME)";
				TARGETED_DEVICE_FAMILY = "1,2";
				TEST_HOST = "$(BUILT_PRODUCTS_DIR)/WeatherApp.app/WeatherApp";
			};
			name = Debug;
		};
		CC7D394920FD053D00913023 /* Release */ = {
			isa = XCBuildConfiguration;
			baseConfigurationReference = 01A042D41307C04348171D75 /* Pods-WeatherAppTests.release.xcconfig */;
			buildSettings = {
				BUNDLE_LOADER = "$(TEST_HOST)";
				CODE_SIGN_STYLE = Automatic;
				DEVELOPMENT_TEAM = LS88PBY5M5;
				INFOPLIST_FILE = WeatherAppTests/Info.plist;
				LD_RUNPATH_SEARCH_PATHS = (
					"$(inherited)",
					"@executable_path/Frameworks",
					"@loader_path/Frameworks",
				);
				PRODUCT_BUNDLE_IDENTIFIER = xToBeAnnounce.WeatherAppTests;
				PRODUCT_NAME = "$(TARGET_NAME)";
				TARGETED_DEVICE_FAMILY = "1,2";
				TEST_HOST = "$(BUILT_PRODUCTS_DIR)/WeatherApp.app/WeatherApp";
			};
			name = Release;
		};
		CC7D394B20FD053D00913023 /* Debug */ = {
			isa = XCBuildConfiguration;
			baseConfigurationReference = 5D18544A78FAE2F72C92936A /* Pods-WeatherAppUITests.debug.xcconfig */;
			buildSettings = {
				CODE_SIGN_STYLE = Automatic;
				DEVELOPMENT_TEAM = LS88PBY5M5;
				INFOPLIST_FILE = WeatherAppUITests/Info.plist;
				LD_RUNPATH_SEARCH_PATHS = (
					"$(inherited)",
					"@executable_path/Frameworks",
					"@loader_path/Frameworks",
				);
				PRODUCT_BUNDLE_IDENTIFIER = xToBeAnnounce.WeatherAppUITests;
				PRODUCT_NAME = "$(TARGET_NAME)";
				TARGETED_DEVICE_FAMILY = "1,2";
				TEST_TARGET_NAME = WeatherApp;
			};
			name = Debug;
		};
		CC7D394C20FD053D00913023 /* Release */ = {
			isa = XCBuildConfiguration;
			baseConfigurationReference = 7254C27D05487E4FF6001285 /* Pods-WeatherAppUITests.release.xcconfig */;
			buildSettings = {
				CODE_SIGN_STYLE = Automatic;
				DEVELOPMENT_TEAM = LS88PBY5M5;
				INFOPLIST_FILE = WeatherAppUITests/Info.plist;
				LD_RUNPATH_SEARCH_PATHS = (
					"$(inherited)",
					"@executable_path/Frameworks",
					"@loader_path/Frameworks",
				);
				PRODUCT_BUNDLE_IDENTIFIER = xToBeAnnounce.WeatherAppUITests;
				PRODUCT_NAME = "$(TARGET_NAME)";
				TARGETED_DEVICE_FAMILY = "1,2";
				TEST_TARGET_NAME = WeatherApp;
			};
			name = Release;
		};
/* End XCBuildConfiguration section */

/* Begin XCConfigurationList section */
		CC7D391320FD053A00913023 /* Build configuration list for PBXProject "WeatherApp" */ = {
			isa = XCConfigurationList;
			buildConfigurations = (
				CC7D394220FD053D00913023 /* Debug */,
				CC7D394320FD053D00913023 /* Release */,
			);
			defaultConfigurationIsVisible = 0;
			defaultConfigurationName = Release;
		};
		CC7D394420FD053D00913023 /* Build configuration list for PBXNativeTarget "WeatherApp" */ = {
			isa = XCConfigurationList;
			buildConfigurations = (
				CC7D394520FD053D00913023 /* Debug */,
				CC7D394620FD053D00913023 /* Release */,
			);
			defaultConfigurationIsVisible = 0;
			defaultConfigurationName = Release;
		};
		CC7D394720FD053D00913023 /* Build configuration list for PBXNativeTarget "WeatherAppTests" */ = {
			isa = XCConfigurationList;
			buildConfigurations = (
				CC7D394820FD053D00913023 /* Debug */,
				CC7D394920FD053D00913023 /* Release */,
			);
			defaultConfigurationIsVisible = 0;
			defaultConfigurationName = Release;
		};
		CC7D394A20FD053D00913023 /* Build configuration list for PBXNativeTarget "WeatherAppUITests" */ = {
			isa = XCConfigurationList;
			buildConfigurations = (
				CC7D394B20FD053D00913023 /* Debug */,
				CC7D394C20FD053D00913023 /* Release */,
			);
			defaultConfigurationIsVisible = 0;
			defaultConfigurationName = Release;
		};
/* End XCConfigurationList section */
	};
	rootObject = CC7D391020FD053A00913023 /* Project object */;
}
